
Microsoft Visual Studio Solution File, Format Version 12.00
# Visual Studio Version 17
VisualStudioVersion = 17.7.34024.191
MinimumVisualStudioVersion = 10.0.40219.1
Project("{FAE04EC0-301F-11D3-BF4B-00C04F79EFBC}") = "formTPSthread12-10", "formTPSthread12-10\formTPSthread12-10.csproj", "{1584A61A-269A-4A18-B332-11320FADB32F}"
EndProject
Global
	GlobalSection(SolutionConfigurationPlatforms) = preSolution
		Debug|Any CPU = Debug|Any CPU
		Release|Any CPU = Release|Any CPU
	EndGlobalSection
	GlobalSection(ProjectConfigurationPlatforms) = postSolution
		{1584A61A-269A-4A18-B332-11320FADB32F}.Debug|Any CPU.ActiveCfg = Debug|Any CPU
		{1584A61A-269A-4A18-B332-11320FADB32F}.Debug|Any CPU.Build.0 = Debug|Any CPU
		{1584A61A-269A-4A18-B332-11320FADB32F}.Release|Any CPU.ActiveCfg = Release|Any CPU
		{1584A61A-269A-4A18-B332-11320FADB32F}.Release|Any CPU.Build.0 = Release|Any CPU
	EndGlobalSection
	GlobalSection(SolutionProperties) = preSolution
		HideSolutionNode = FALSE
	EndGlobalSection
	GlobalSection(ExtensibilityGlobals) = postSolution
		SolutionGuid = {C61EC92E-107E-4BB1-951E-35E9E2519F54}
	EndGlobalSection
EndGlobal
